{
  "name": "react-native-simple-accordian",
  "version": "1.14.0",
  "lockfileVersion": 1,
  "requires": true,
  "dependencies": {
    "react-native-collapsible": {
      "version": "1.6.0",
      "resolved": "https://registry.npmjs.org/react-native-collapsible/-/react-native-collapsible-1.6.0.tgz",
      "integrity": "sha512-beZjdgbT9Y/Pg591Xy5XkKG20HffJiVad4n9bfcUF/f783A+tvOVXnqvbS58Lkaym93mi4jcDPMuW9Vc1t6rqg=="
    },
    "react-native-simple-accordion": {
      "version": "1.15.0",
      "resolved": "https://registry.npmjs.org/react-native-simple-accordion/-/react-native-simple-accordion-1.15.0.tgz",
      "integrity": "sha512-t1RjFwjgDKquxdkibj7nspCdVs0vhmZmKVYPwH5i+vI0McexazEbiFqM49OgWDb0Gyb36SnPaEg9bbtJSDjpMw==",
      "requires": {
        "react-native-collapsible": "^1.6.0"
      }
    }
  }
}
